
Microsoft Visual Studio Solution File, Format Version 12.00
# Visual Studio Version 17
VisualStudioVersion = 17.0.31903.59
MinimumVisualStudioVersion = 10.0.40219.1
Project("{2150E333-8FDC-42A3-9474-1A3956D46DE8}") = "src", "src", "{FDAF1AF2-1052-4BB1-82B8-5B80ECB187B6}"
EndProject
Project("{FAE04EC0-301F-11D3-BF4B-00C04F79EFBC}") = "JsonDeserializationDynamicObject", "src\JsonDeserializationDynamicObject\JsonDeserializationDynamicObject.csproj", "{22B1E883-EBE3-464B-86F2-F72AC789C9A2}"
EndProject
Project("{FAE04EC0-301F-11D3-BF4B-00C04F79EFBC}") = "JsonDeserializationDynamicObject.Benchmark", "src\JsonDeserializationDynamicObject.Benchmark\JsonDeserializationDynamicObject.Benchmark.csproj", "{1161AE52-27E3-4E9B-BA0A-A4D728584905}"
EndProject
Project("{FAE04EC0-301F-11D3-BF4B-00C04F79EFBC}") = "JsonDeserializationDynamicObject.Tests", "src\JsonDeserializationDynamicObject.Tests\JsonDeserializationDynamicObject.Tests.csproj", "{28EBE510-4A7E-42D0-87DF-F2BBAD899188}"
EndProject
Global
	GlobalSection(SolutionConfigurationPlatforms) = preSolution
		Debug|Any CPU = Debug|Any CPU
		Release|Any CPU = Release|Any CPU
	EndGlobalSection
	GlobalSection(SolutionProperties) = preSolution
		HideSolutionNode = FALSE
	EndGlobalSection
	GlobalSection(ProjectConfigurationPlatforms) = postSolution
		{22B1E883-EBE3-464B-86F2-F72AC789C9A2}.Debug|Any CPU.ActiveCfg = Debug|Any CPU
		{22B1E883-EBE3-464B-86F2-F72AC789C9A2}.Debug|Any CPU.Build.0 = Debug|Any CPU
		{22B1E883-EBE3-464B-86F2-F72AC789C9A2}.Release|Any CPU.ActiveCfg = Release|Any CPU
		{22B1E883-EBE3-464B-86F2-F72AC789C9A2}.Release|Any CPU.Build.0 = Release|Any CPU
		{1161AE52-27E3-4E9B-BA0A-A4D728584905}.Debug|Any CPU.ActiveCfg = Debug|Any CPU
		{1161AE52-27E3-4E9B-BA0A-A4D728584905}.Debug|Any CPU.Build.0 = Debug|Any CPU
		{1161AE52-27E3-4E9B-BA0A-A4D728584905}.Release|Any CPU.ActiveCfg = Release|Any CPU
		{1161AE52-27E3-4E9B-BA0A-A4D728584905}.Release|Any CPU.Build.0 = Release|Any CPU
		{28EBE510-4A7E-42D0-87DF-F2BBAD899188}.Debug|Any CPU.ActiveCfg = Debug|Any CPU
		{28EBE510-4A7E-42D0-87DF-F2BBAD899188}.Debug|Any CPU.Build.0 = Debug|Any CPU
		{28EBE510-4A7E-42D0-87DF-F2BBAD899188}.Release|Any CPU.ActiveCfg = Release|Any CPU
		{28EBE510-4A7E-42D0-87DF-F2BBAD899188}.Release|Any CPU.Build.0 = Release|Any CPU
	EndGlobalSection
	GlobalSection(NestedProjects) = preSolution
		{22B1E883-EBE3-464B-86F2-F72AC789C9A2} = {FDAF1AF2-1052-4BB1-82B8-5B80ECB187B6}
		{1161AE52-27E3-4E9B-BA0A-A4D728584905} = {FDAF1AF2-1052-4BB1-82B8-5B80ECB187B6}
		{28EBE510-4A7E-42D0-87DF-F2BBAD899188} = {FDAF1AF2-1052-4BB1-82B8-5B80ECB187B6}
	EndGlobalSection
EndGlobal
